// !$*UTF8*$!
{
	archiveVersion = 1;
	classes = {
	};
	objectVersion = 48;
	objects = {

/* Begin PBXBuildFile section */
		04122E432067A971005AB5B9 /* Message+CoreDataClass.swift in Sources */ = {isa = PBXBuildFile; fileRef = 04122E3F2067A971005AB5B9 /* Message+CoreDataClass.swift */; };
		04122E442067A971005AB5B9 /* Message+CoreDataProperties.swift in Sources */ = {isa = PBXBuildFile; fileRef = 04122E402067A971005AB5B9 /* Message+CoreDataProperties.swift */; };
		04122E452067A971005AB5B9 /* Friend+CoreDataClass.swift in Sources */ = {isa = PBXBuildFile; fileRef = 04122E412067A971005AB5B9 /* Friend+CoreDataClass.swift */; };
		04122E462067A971005AB5B9 /* Friend+CoreDataProperties.swift in Sources */ = {isa = PBXBuildFile; fileRef = 04122E422067A971005AB5B9 /* Friend+CoreDataProperties.swift */; };
		049DFDB6205ACEDB00C6DF73 /* AppDelegate.swift in Sources */ = {isa = PBXBuildFile; fileRef = 049DFDB5205ACEDB00C6DF73 /* AppDelegate.swift */; };
		049DFDB8205ACEDB00C6DF73 /* ViewController.swift in Sources */ = {isa = PBXBuildFile; fileRef = 049DFDB7205ACEDB00C6DF73 /* ViewController.swift */; };
		049DFDBE205ACEDB00C6DF73 /* fbMessager.xcdatamodeld in Sources */ = {isa = PBXBuildFile; fileRef = 049DFDBC205ACEDB00C6DF73 /* fbMessager.xcdatamodeld */; };
		049DFDC0205ACEDB00C6DF73 /* Assets.xcassets in Resources */ = {isa = PBXBuildFile; fileRef = 049DFDBF205ACEDB00C6DF73 /* Assets.xcassets */; };
		049DFDC3205ACEDB00C6DF73 /* LaunchScreen.storyboard in Resources */ = {isa = PBXBuildFile; fileRef = 049DFDC1205ACEDB00C6DF73 /* LaunchScreen.storyboard */; };
		049DFDCB205B3A3E00C6DF73 /* UIViews+Extensions.swift in Sources */ = {isa = PBXBuildFile; fileRef = 049DFDCA205B3A3E00C6DF73 /* UIViews+Extensions.swift */; };
/* End PBXBuildFile section */

/* Begin PBXFileReference section */
		04122E3F2067A971005AB5B9 /* Message+CoreDataClass.swift */ = {isa = PBXFileReference; lastKnownFileType = sourcecode.swift; path = "Message+CoreDataClass.swift"; sourceTree = "<group>"; };
		04122E402067A971005AB5B9 /* Message+CoreDataProperties.swift */ = {isa = PBXFileReference; lastKnownFileType = sourcecode.swift; path = "Message+CoreDataProperties.swift"; sourceTree = "<group>"; };
		04122E412067A971005AB5B9 /* Friend+CoreDataClass.swift */ = {isa = PBXFileReference; lastKnownFileType = sourcecode.swift; path = "Friend+CoreDataClass.swift"; sourceTree = "<group>"; };
		04122E422067A971005AB5B9 /* Friend+CoreDataProperties.swift */ = {isa = PBXFileReference; lastKnownFileType = sourcecode.swift; path = "Friend+CoreDataProperties.swift"; sourceTree = "<group>"; };
		049DFDB2205ACEDB00C6DF73 /* fbMessager.app */ = {isa = PBXFileReference; explicitFileType = wrapper.application; includeInIndex = 0; path = fbMessager.app; sourceTree = BUILT_PRODUCTS_DIR; };
		049DFDB5205ACEDB00C6DF73 /* AppDelegate.swift */ = {isa = PBXFileReference; lastKnownFileType = sourcecode.swift; path = AppDelegate.swift; sourceTree = "<group>"; };
		049DFDB7205ACEDB00C6DF73 /* ViewController.swift */ = {isa = PBXFileReference; lastKnownFileType = sourcecode.swift; path = ViewController.swift; sourceTree = "<group>"; };
		049DFDBD205ACEDB00C6DF73 /* fbMessager.xcdatamodel */ = {isa = PBXFileReference; lastKnownFileType = wrapper.xcdatamodel; path = fbMessager.xcdatamodel; sourceTree = "<group>"; };
		049DFDBF205ACEDB00C6DF73 /* Assets.xcassets */ = {isa = PBXFileReference; lastKnownFileType = folder.assetcatalog; path = Assets.xcassets; sourceTree = "<group>"; };
		049DFDC2205ACEDB00C6DF73 /* Base */ = {isa = PBXFileReference; lastKnownFileType = file.storyboard; name = Base; path = Base.lproj/LaunchScreen.storyboard; sourceTree = "<group>"; };
		049DFDC4205ACEDB00C6DF73 /* Info.plist */ = {isa = PBXFileReference; lastKnownFileType = text.plist.xml; path = Info.plist; sourceTree = "<group>"; };
		049DFDCA205B3A3E00C6DF73 /* UIViews+Extensions.swift */ = {isa = PBXFileReference; lastKnownFileType = sourcecode.swift; path = "UIViews+Extensions.swift"; sourceTree = "<group>"; };
/* End PBXFileReference section */

/* Begin PBXFrameworksBuildPhase section */
		049DFDAF205ACEDB00C6DF73 /* Frameworks */ = {
			isa = PBXFrameworksBuildPhase;
			buildActionMask = 2147483647;
			files = (
			);
			runOnlyForDeploymentPostprocessing = 0;
		};
/* End PBXFrameworksBuildPhase section */

/* Begin PBXGroup section */
		049DFDA9205ACEDB00C6DF73 = {
			isa = PBXGroup;
			children = (
				049DFDB4205ACEDB00C6DF73 /* fbMessager */,
				049DFDB3205ACEDB00C6DF73 /* Products */,
			);
			sourceTree = "<group>";
		};
		049DFDB3205ACEDB00C6DF73 /* Products */ = {
			isa = PBXGroup;
			children = (
				049DFDB2205ACEDB00C6DF73 /* fbMessager.app */,
			);
			name = Products;
			sourceTree = "<group>";
		};
		049DFDB4205ACEDB00C6DF73 /* fbMessager */ = {
			isa = PBXGroup;
			children = (
				04122E3F2067A971005AB5B9 /* Message+CoreDataClass.swift */,
				04122E402067A971005AB5B9 /* Message+CoreDataProperties.swift */,
				04122E412067A971005AB5B9 /* Friend+CoreDataClass.swift */,
				04122E422067A971005AB5B9 /* Friend+CoreDataProperties.swift */,
				049DFDB5205ACEDB00C6DF73 /* AppDelegate.swift */,
				049DFDB7205ACEDB00C6DF73 /* ViewController.swift */,
				049DFDBF205ACEDB00C6DF73 /* Assets.xcassets */,
				049DFDC1205ACEDB00C6DF73 /* LaunchScreen.storyboard */,
				049DFDC4205ACEDB00C6DF73 /* Info.plist */,
				049DFDBC205ACEDB00C6DF73 /* fbMessager.xcdatamodeld */,
				049DFDCA205B3A3E00C6DF73 /* UIViews+Extensions.swift */,
			);
			path = fbMessager;
			sourceTree = "<group>";
		};
/* End PBXGroup section */

/* Begin PBXNativeTarget section */
		049DFDB1205ACEDB00C6DF73 /* fbMessager */ = {
			isa = PBXNativeTarget;
			buildConfigurationList = 049DFDC7205ACEDB00C6DF73 /* Build configuration list for PBXNativeTarget "fbMessager" */;
			buildPhases = (
				049DFDAE205ACEDB00C6DF73 /* Sources */,
				049DFDAF205ACEDB00C6DF73 /* Frameworks */,
				049DFDB0205ACEDB00C6DF73 /* Resources */,
			);
			buildRules = (
			);
			dependencies = (
			);
			name = fbMessager;
			productName = fbMessager;
			productReference = 049DFDB2205ACEDB00C6DF73 /* fbMessager.app */;
			productType = "com.apple.product-type.application";
		};
/* End PBXNativeTarget section */

/* Begin PBXProject section */
		049DFDAA205ACEDB00C6DF73 /* Project object */ = {
			isa = PBXProject;
			attributes = {
				LastSwiftUpdateCheck = 0920;
				LastUpgradeCheck = 0920;
				ORGANIZATIONNAME = MAC;
				TargetAttributes = {
					049DFDB1205ACEDB00C6DF73 = {
						CreatedOnToolsVersion = 9.2;
						ProvisioningStyle = Automatic;
					};
				};
			};
			buildConfigurationList = 049DFDAD205ACEDB00C6DF73 /* Build configuration list for PBXProject "fbMessager" */;
			compatibilityVersion = "Xcode 8.0";
			developmentRegion = en;
			hasScannedForEncodings = 0;
			knownRegions = (
				en,
				Base,
			);
			mainGroup = 049DFDA9205ACEDB00C6DF73;
			productRefGroup = 049DFDB3205ACEDB00C6DF73 /* Products */;
			projectDirPath = "";
			projectRoot = "";
			targets = (
				049DFDB1205ACEDB00C6DF73 /* fbMessager */,
			);
		};
/* End PBXProject section */

/* Begin PBXResourcesBuildPhase section */
		049DFDB0205ACEDB00C6DF73 /* Resources */ = {
			isa = PBXResourcesBuildPhase;
			buildActionMask = 2147483647;
			files = (
				049DFDC3205ACEDB00C6DF73 /* LaunchScreen.storyboard in Resources */,
				049DFDC0205ACEDB00C6DF73 /* Assets.xcassets in Resources */,
			);
			runOnlyForDeploymentPostprocessing = 0;
		};
/* End PBXResourcesBuildPhase section */

/* Begin PBXSourcesBuildPhase section */
		049DFDAE205ACEDB00C6DF73 /* Sources */ = {
			isa = PBXSourcesBuildPhase;
			buildActionMask = 2147483647;
			files = (
				049DFDB8205ACEDB00C6DF73 /* ViewController.swift in Sources */,
				049DFDB6205ACEDB00C6DF73 /* AppDelegate.swift in Sources */,
				04122E442067A971005AB5B9 /* Message+CoreDataProperties.swift in Sources */,
				049DFDCB205B3A3E00C6DF73 /* UIViews+Extensions.swift in Sources */,
				049DFDBE205ACEDB00C6DF73 /* fbMessager.xcdatamodeld in Sources */,
				04122E462067A971005AB5B9 /* Friend+CoreDataProperties.swift in Sources */,
				04122E452067A971005AB5B9 /* Friend+CoreDataClass.swift in Sources */,
				04122E432067A971005AB5B9 /* Message+CoreDataClass.swift in Sources */,
			);
			runOnlyForDeploymentPostprocessing = 0;
		};
/* End PBXSourcesBuildPhase section */

/* Begin PBXVariantGroup section */
		049DFDC1205ACEDB00C6DF73 /* LaunchScreen.storyboard */ = {
			isa = PBXVariantGroup;
			children = (
				049DFDC2205ACEDB00C6DF73 /* Base */,
			);
			name = LaunchScreen.storyboard;
			sourceTree = "<group>";
		};
/* End PBXVariantGroup section */

/* Begin XCBuildConfiguration section */
		049DFDC5205ACEDB00C6DF73 /* Debug */ = {
			isa = XCBuildConfiguration;
			buildSettings = {
				ALWAYS_SEARCH_USER_PATHS = NO;
				CLANG_ANALYZER_NONNULL = YES;
				CLANG_ANALYZER_NUMBER_OBJECT_CONVERSION = YES_AGGRESSIVE;
				CLANG_CXX_LANGUAGE_STANDARD = "gnu++14";
				CLANG_CXX_LIBRARY = "libc++";
				CLANG_ENABLE_MODULES = YES;
				CLANG_ENABLE_OBJC_ARC = YES;
				CLANG_WARN_BLOCK_CAPTURE_AUTORELEASING = YES;
				CLANG_WARN_BOOL_CONVERSION = YES;
				CLANG_WARN_COMMA = YES;
				CLANG_WARN_CONSTANT_CONVERSION = YES;
				CLANG_WARN_DIRECT_OBJC_ISA_USAGE = YES_ERROR;
				CLANG_WARN_DOCUMENTATION_COMMENTS = YES;
				CLANG_WARN_EMPTY_BODY = YES;
				CLANG_WARN_ENUM_CONVERSION = YES;
				CLANG_WARN_INFINITE_RECURSION = YES;
				CLANG_WARN_INT_CONVERSION = YES;
				CLANG_WARN_NON_LITERAL_NULL_CONVERSION = YES;
				CLANG_WARN_OBJC_LITERAL_CONVERSION = YES;
				CLANG_WARN_OBJC_ROOT_CLASS = YES_ERROR;
				CLANG_WARN_RANGE_LOOP_ANALYSIS = YES;
				CLANG_WARN_STRICT_PROTOTYPES = YES;
				CLANG_WARN_SUSPICIOUS_MOVE = YES;
				CLANG_WARN_UNGUARDED_AVAILABILITY = YES_AGGRESSIVE;
				CLANG_WARN_UNREACHABLE_CODE = YES;
				CLANG_WARN__DUPLICATE_METHOD_MATCH = YES;
				CODE_SIGN_IDENTITY = "iPhone Developer";
				COPY_PHASE_STRIP = NO;
				DEBUG_INFORMATION_FORMAT = dwarf;
				ENABLE_STRICT_OBJC_MSGSEND = YES;
				ENABLE_TESTABILITY = YES;
				GCC_C_LANGUAGE_STANDARD = gnu11;
				GCC_DYNAMIC_NO_PIC = NO;
				GCC_NO_COMMON_BLOCKS = YES;
				GCC_OPTIMIZATION_LEVEL = 0;
				GCC_PREPROCESSOR_DEFINITIONS = (
					"DEBUG=1",
					"$(inherited)",
				);
				GCC_WARN_64_TO_32_BIT_CONVERSION = YES;
				GCC_WARN_ABOUT_RETURN_TYPE = YES_ERROR;
				GCC_WARN_UNDECLARED_SELECTOR = YES;
				GCC_WARN_UNINITIALIZED_AUTOS = YES_AGGRESSIVE;
				GCC_WARN_UNUSED_FUNCTION = YES;
				GCC_WARN_UNUSED_VARIABLE = YES;
				IPHONEOS_DEPLOYMENT_TARGET = 11.2;
				MTL_ENABLE_DEBUG_INFO = YES;
				ONLY_ACTIVE_ARCH = YES;
				SDKROOT = iphoneos;
				SWIFT_ACTIVE_COMPILATION_CONDITIONS = DEBUG;
				SWIFT_OPTIMIZATION_LEVEL = "-Onone";
			};
			name = Debug;
		};
		049DFDC6205ACEDB00C6DF73 /* Release */ = {
			isa = XCBuildConfiguration;
			buildSettings = {
				ALWAYS_SEARCH_USER_PATHS = NO;
				CLANG_ANALYZER_NONNULL = YES;
				CLANG_ANALYZER_NUMBER_OBJECT_CONVERSION = YES_AGGRESSIVE;
				CLANG_CXX_LANGUAGE_STANDARD = "gnu++14";
				CLANG_CXX_LIBRARY = "libc++";
				CLANG_ENABLE_MODULES = YES;
				CLANG_ENABLE_OBJC_ARC = YES;
				CLANG_WARN_BLOCK_CAPTURE_AUTORELEASING = YES;
				CLANG_WARN_BOOL_CONVERSION = YES;
				CLANG_WARN_COMMA = YES;
				CLANG_WARN_CONSTANT_CONVERSION = YES;
				CLANG_WARN_DIRECT_OBJC_ISA_USAGE = YES_ERROR;
				CLANG_WARN_DOCUMENTATION_COMMENTS = YES;
				CLANG_WARN_EMPTY_BODY = YES;
				CLANG_WARN_ENUM_CONVERSION = YES;
				CLANG_WARN_INFINITE_RECURSION = YES;
				CLANG_WARN_INT_CONVERSION = YES;
				CLANG_WARN_NON_LITERAL_NULL_CONVERSION = YES;
				CLANG_WARN_OBJC_LITERAL_CONVERSION = YES;
				CLANG_WARN_OBJC_ROOT_CLASS = YES_ERROR;
				CLANG_WARN_RANGE_LOOP_ANALYSIS = YES;
				CLANG_WARN_STRICT_PROTOTYPES = YES;
				CLANG_WARN_SUSPICIOUS_MOVE = YES;
				CLANG_WARN_UNGUARDED_AVAILABILITY = YES_AGGRESSIVE;
				CLANG_WARN_UNREACHABLE_CODE = YES;
				CLANG_WARN__DUPLICATE_METHOD_MATCH = YES;
				CODE_SIGN_IDENTITY = "iPhone Developer";
				COPY_PHASE_STRIP = NO;
				DEBUG_INFORMATION_FORMAT = "dwarf-with-dsym";
				ENABLE_NS_ASSERTIONS = NO;
				ENABLE_STRICT_OBJC_MSGSEND = YES;
				GCC_C_LANGUAGE_STANDARD = gnu11;
				GCC_NO_COMMON_BLOCKS = YES;
				GCC_WARN_64_TO_32_BIT_CONVERSION = YES;
				GCC_WARN_ABOUT_RETURN_TYPE = YES_ERROR;
				GCC_WARN_UNDECLARED_SELECTOR = YES;
				GCC_WARN_UNINITIALIZED_AUTOS = YES_AGGRESSIVE;
				GCC_WARN_UNUSED_FUNCTION = YES;
				GCC_WARN_UNUSED_VARIABLE = YES;
				IPHONEOS_DEPLOYMENT_TARGET = 11.2;
				MTL_ENABLE_DEBUG_INFO = NO;
				SDKROOT = iphoneos;
				SWIFT_OPTIMIZATION_LEVEL = "-Owholemodule";
				VALIDATE_PRODUCT = YES;
			};
			name = Release;
		};
		049DFDC8205ACEDB00C6DF73 /* Debug */ = {
			isa = XCBuildConfiguration;
			buildSettings = {
				ASSETCATALOG_COMPILER_APPICON_NAME = AppIcon;
				CODE_SIGN_STYLE = Automatic;
				DEVELOPMENT_TEAM = 68855R4HVL;
				INFOPLIST_FILE = fbMessager/Info.plist;
				LD_RUNPATH_SEARCH_PATHS = "$(inherited) @executable_path/Frameworks";
				PRODUCT_BUNDLE_IDENTIFIER = asianTech.fbMessager;
				PRODUCT_NAME = "$(TARGET_NAME)";
				SWIFT_VERSION = 4.0;
				TARGETED_DEVICE_FAMILY = "1,2";
			};
			name = Debug;
		};
		049DFDC9205ACEDB00C6DF73 /* Release */ = {
			isa = XCBuildConfiguration;
			buildSettings = {
				ASSETCATALOG_COMPILER_APPICON_NAME = AppIcon;
				CODE_SIGN_STYLE = Automatic;
				DEVELOPMENT_TEAM = 68855R4HVL;
				INFOPLIST_FILE = fbMessager/Info.plist;
				LD_RUNPATH_SEARCH_PATHS = "$(inherited) @executable_path/Frameworks";
				PRODUCT_BUNDLE_IDENTIFIER = asianTech.fbMessager;
				PRODUCT_NAME = "$(TARGET_NAME)";
				SWIFT_VERSION = 4.0;
				TARGETED_DEVICE_FAMILY = "1,2";
			};
			name = Release;
		};
/* End XCBuildConfiguration section */

/* Begin XCConfigurationList section */
		049DFDAD205ACEDB00C6DF73 /* Build configuration list for PBXProject "fbMessager" */ = {
			isa = XCConfigurationList;
			buildConfigurations = (
				049DFDC5205ACEDB00C6DF73 /* Debug */,
				049DFDC6205ACEDB00C6DF73 /* Release */,
			);
			defaultConfigurationIsVisible = 0;
			defaultConfigurationName = Release;
		};
		049DFDC7205ACEDB00C6DF73 /* Build configuration list for PBXNativeTarget "fbMessager" */ = {
			isa = XCConfigurationList;
			buildConfigurations = (
				049DFDC8205ACEDB00C6DF73 /* Debug */,
				049DFDC9205ACEDB00C6DF73 /* Release */,
			);
			defaultConfigurationIsVisible = 0;
			defaultConfigurationName = Release;
		};
/* End XCConfigurationList section */

/* Begin XCVersionGroup section */
		049DFDBC205ACEDB00C6DF73 /* fbMessager.xcdatamodeld */ = {
			isa = XCVersionGroup;
			children = (
				049DFDBD205ACEDB00C6DF73 /* fbMessager.xcdatamodel */,
			);
			currentVersion = 049DFDBD205ACEDB00C6DF73 /* fbMessager.xcdatamodel */;
			path = fbMessager.xcdatamodeld;
			sourceTree = "<group>";
			versionGroupType = wrapper.xcdatamodel;
		};
/* End XCVersionGroup section */
	};
	rootObject = 049DFDAA205ACEDB00C6DF73 /* Project object */;
}
